
Microsoft Visual Studio Solution File, Format Version 12.00
# Visual Studio 14
VisualStudioVersion = 14.0.25420.1
MinimumVisualStudioVersion = 10.0.40219.1
Project("{FAE04EC0-301F-11D3-BF4B-00C04F79EFBC}") = "PSXBuilder", "PSXBuilder\PSXBuilder.csproj", "{061395D3-B887-4B7A-9B51-61EC5FD865BB}"
	ProjectSection(ProjectDependencies) = postProject
		{C8ADCD1B-D1AC-4ECB-B99A-E07E98EC31D7} = {C8ADCD1B-D1AC-4ECB-B99A-E07E98EC31D7}
		{70B62E88-93B9-498B-9DA1-B719E42AF77E} = {70B62E88-93B9-498B-9DA1-B719E42AF77E}
	EndProjectSection
EndProject
Project("{FAE04EC0-301F-11D3-BF4B-00C04F79EFBC}") = "PSXBuildService", "PSXBuildService\PSXBuildService.csproj", "{4282529A-F2FD-4FB5-A90F-63B30A2F05DF}"
	ProjectSection(ProjectDependencies) = postProject
		{C8ADCD1B-D1AC-4ECB-B99A-E07E98EC31D7} = {C8ADCD1B-D1AC-4ECB-B99A-E07E98EC31D7}
		{70B62E88-93B9-498B-9DA1-B719E42AF77E} = {70B62E88-93B9-498B-9DA1-B719E42AF77E}
	EndProjectSection
EndProject
Project("{8BC9CEB8-8B4A-11D0-8D11-00A0C91BC942}") = "PSXTestProject", "PSXTestProject\PSXTestProject.vcxproj", "{7C821FA1-A6C4-46CD-B9F5-F654110C1F6F}"
EndProject
Project("{FAE04EC0-301F-11D3-BF4B-00C04F79EFBC}") = "ApplicationFramework", "ApplicationFramework\ApplicationFramework.csproj", "{C8ADCD1B-D1AC-4ECB-B99A-E07E98EC31D7}"
EndProject
Project("{FAE04EC0-301F-11D3-BF4B-00C04F79EFBC}") = "CommunicationFramework", "Communictaion\CommunicationFramework.csproj", "{2D36F100-E177-4AB8-9116-BA03732AF396}"
EndProject
Project("{FAE04EC0-301F-11D3-BF4B-00C04F79EFBC}") = "PSXBuilderNetworking", "PSXBuilderNetworking\PSXBuilderNetworking.csproj", "{70B62E88-93B9-498B-9DA1-B719E42AF77E}"
EndProject
Project("{FAE04EC0-301F-11D3-BF4B-00C04F79EFBC}") = "UploaderService", "UploaderService\UploaderService.csproj", "{0389E37A-1E30-44ED-98DE-83A35FF0339B}"
EndProject
Project("{FAE04EC0-301F-11D3-BF4B-00C04F79EFBC}") = "Uploader", "Uploader\Uploader.csproj", "{C07C19B2-DEA6-4349-BD52-D96AAFE9ABC6}"
EndProject
Global
	GlobalSection(SolutionConfigurationPlatforms) = preSolution
		Debug|Any CPU = Debug|Any CPU
		Debug|x86 = Debug|x86
		Release|Any CPU = Release|Any CPU
		Release|x86 = Release|x86
	EndGlobalSection
	GlobalSection(ProjectConfigurationPlatforms) = postSolution
		{061395D3-B887-4B7A-9B51-61EC5FD865BB}.Debug|Any CPU.ActiveCfg = Debug|Any CPU
		{061395D3-B887-4B7A-9B51-61EC5FD865BB}.Debug|Any CPU.Build.0 = Debug|Any CPU
		{061395D3-B887-4B7A-9B51-61EC5FD865BB}.Debug|x86.ActiveCfg = Debug|Any CPU
		{061395D3-B887-4B7A-9B51-61EC5FD865BB}.Debug|x86.Build.0 = Debug|Any CPU
		{061395D3-B887-4B7A-9B51-61EC5FD865BB}.Release|Any CPU.ActiveCfg = Release|Any CPU
		{061395D3-B887-4B7A-9B51-61EC5FD865BB}.Release|Any CPU.Build.0 = Release|Any CPU
		{061395D3-B887-4B7A-9B51-61EC5FD865BB}.Release|x86.ActiveCfg = Release|Any CPU
		{061395D3-B887-4B7A-9B51-61EC5FD865BB}.Release|x86.Build.0 = Release|Any CPU
		{4282529A-F2FD-4FB5-A90F-63B30A2F05DF}.Debug|Any CPU.ActiveCfg = Debug|Any CPU
		{4282529A-F2FD-4FB5-A90F-63B30A2F05DF}.Debug|Any CPU.Build.0 = Debug|Any CPU
		{4282529A-F2FD-4FB5-A90F-63B30A2F05DF}.Debug|x86.ActiveCfg = Debug|Any CPU
		{4282529A-F2FD-4FB5-A90F-63B30A2F05DF}.Debug|x86.Build.0 = Debug|Any CPU
		{4282529A-F2FD-4FB5-A90F-63B30A2F05DF}.Release|Any CPU.ActiveCfg = Release|Any CPU
		{4282529A-F2FD-4FB5-A90F-63B30A2F05DF}.Release|Any CPU.Build.0 = Release|Any CPU
		{4282529A-F2FD-4FB5-A90F-63B30A2F05DF}.Release|x86.ActiveCfg = Release|Any CPU
		{4282529A-F2FD-4FB5-A90F-63B30A2F05DF}.Release|x86.Build.0 = Release|Any CPU
		{7C821FA1-A6C4-46CD-B9F5-F654110C1F6F}.Debug|Any CPU.ActiveCfg = Release|Win32
		{7C821FA1-A6C4-46CD-B9F5-F654110C1F6F}.Debug|Any CPU.Build.0 = Release|Win32
		{7C821FA1-A6C4-46CD-B9F5-F654110C1F6F}.Debug|x86.ActiveCfg = Release|Win32
		{7C821FA1-A6C4-46CD-B9F5-F654110C1F6F}.Debug|x86.Build.0 = Release|Win32
		{7C821FA1-A6C4-46CD-B9F5-F654110C1F6F}.Release|Any CPU.ActiveCfg = Release|Win32
		{7C821FA1-A6C4-46CD-B9F5-F654110C1F6F}.Release|Any CPU.Build.0 = Release|Win32
		{7C821FA1-A6C4-46CD-B9F5-F654110C1F6F}.Release|x86.ActiveCfg = Release|Win32
		{7C821FA1-A6C4-46CD-B9F5-F654110C1F6F}.Release|x86.Build.0 = Release|Win32
		{C8ADCD1B-D1AC-4ECB-B99A-E07E98EC31D7}.Debug|Any CPU.ActiveCfg = Debug|Any CPU
		{C8ADCD1B-D1AC-4ECB-B99A-E07E98EC31D7}.Debug|Any CPU.Build.0 = Debug|Any CPU
		{C8ADCD1B-D1AC-4ECB-B99A-E07E98EC31D7}.Debug|x86.ActiveCfg = Debug|Any CPU
		{C8ADCD1B-D1AC-4ECB-B99A-E07E98EC31D7}.Debug|x86.Build.0 = Debug|Any CPU
		{C8ADCD1B-D1AC-4ECB-B99A-E07E98EC31D7}.Release|Any CPU.ActiveCfg = Release|Any CPU
		{C8ADCD1B-D1AC-4ECB-B99A-E07E98EC31D7}.Release|Any CPU.Build.0 = Release|Any CPU
		{C8ADCD1B-D1AC-4ECB-B99A-E07E98EC31D7}.Release|x86.ActiveCfg = Release|Any CPU
		{C8ADCD1B-D1AC-4ECB-B99A-E07E98EC31D7}.Release|x86.Build.0 = Release|Any CPU
		{2D36F100-E177-4AB8-9116-BA03732AF396}.Debug|Any CPU.ActiveCfg = Debug|Any CPU
		{2D36F100-E177-4AB8-9116-BA03732AF396}.Debug|Any CPU.Build.0 = Debug|Any CPU
		{2D36F100-E177-4AB8-9116-BA03732AF396}.Debug|x86.ActiveCfg = Debug|Any CPU
		{2D36F100-E177-4AB8-9116-BA03732AF396}.Debug|x86.Build.0 = Debug|Any CPU
		{2D36F100-E177-4AB8-9116-BA03732AF396}.Release|Any CPU.ActiveCfg = Release|Any CPU
		{2D36F100-E177-4AB8-9116-BA03732AF396}.Release|Any CPU.Build.0 = Release|Any CPU
		{2D36F100-E177-4AB8-9116-BA03732AF396}.Release|x86.ActiveCfg = Release|Any CPU
		{2D36F100-E177-4AB8-9116-BA03732AF396}.Release|x86.Build.0 = Release|Any CPU
		{70B62E88-93B9-498B-9DA1-B719E42AF77E}.Debug|Any CPU.ActiveCfg = Debug|Any CPU
		{70B62E88-93B9-498B-9DA1-B719E42AF77E}.Debug|Any CPU.Build.0 = Debug|Any CPU
		{70B62E88-93B9-498B-9DA1-B719E42AF77E}.Debug|x86.ActiveCfg = Debug|Any CPU
		{70B62E88-93B9-498B-9DA1-B719E42AF77E}.Debug|x86.Build.0 = Debug|Any CPU
		{70B62E88-93B9-498B-9DA1-B719E42AF77E}.Release|Any CPU.ActiveCfg = Release|Any CPU
		{70B62E88-93B9-498B-9DA1-B719E42AF77E}.Release|Any CPU.Build.0 = Release|Any CPU
		{70B62E88-93B9-498B-9DA1-B719E42AF77E}.Release|x86.ActiveCfg = Release|Any CPU
		{70B62E88-93B9-498B-9DA1-B719E42AF77E}.Release|x86.Build.0 = Release|Any CPU
		{0389E37A-1E30-44ED-98DE-83A35FF0339B}.Debug|Any CPU.ActiveCfg = Debug|Any CPU
		{0389E37A-1E30-44ED-98DE-83A35FF0339B}.Debug|x86.ActiveCfg = Debug|Any CPU
		{0389E37A-1E30-44ED-98DE-83A35FF0339B}.Debug|x86.Build.0 = Debug|Any CPU
		{0389E37A-1E30-44ED-98DE-83A35FF0339B}.Release|Any CPU.ActiveCfg = Release|Any CPU
		{0389E37A-1E30-44ED-98DE-83A35FF0339B}.Release|x86.ActiveCfg = Release|Any CPU
		{0389E37A-1E30-44ED-98DE-83A35FF0339B}.Release|x86.Build.0 = Release|Any CPU
		{C07C19B2-DEA6-4349-BD52-D96AAFE9ABC6}.Debug|Any CPU.ActiveCfg = Debug|Any CPU
		{C07C19B2-DEA6-4349-BD52-D96AAFE9ABC6}.Debug|Any CPU.Deploy.0 = Debug|Any CPU
		{C07C19B2-DEA6-4349-BD52-D96AAFE9ABC6}.Debug|x86.ActiveCfg = Debug|Any CPU
		{C07C19B2-DEA6-4349-BD52-D96AAFE9ABC6}.Debug|x86.Build.0 = Debug|Any CPU
		{C07C19B2-DEA6-4349-BD52-D96AAFE9ABC6}.Release|Any CPU.ActiveCfg = Release|Any CPU
		{C07C19B2-DEA6-4349-BD52-D96AAFE9ABC6}.Release|x86.ActiveCfg = Release|Any CPU
		{C07C19B2-DEA6-4349-BD52-D96AAFE9ABC6}.Release|x86.Build.0 = Release|Any CPU
	EndGlobalSection
	GlobalSection(SolutionProperties) = preSolution
		HideSolutionNode = FALSE
	EndGlobalSection
EndGlobal
